
Microsoft Visual Studio Solution File, Format Version 12.00
# Visual Studio Version 17
VisualStudioVersion = 17.0.32014.148
MinimumVisualStudioVersion = 10.0.40219.1
Project("{FAE04EC0-301F-11D3-BF4B-00C04F79EFBC}") = "FanucController", "FanucController.csproj", "{79D673BA-95C3-425F-972D-5E529284E37A}"
	ProjectSection(ProjectDependencies) = postProject
		{58AF7742-AF87-4B31-B4EA-A469CDCFB27A} = {58AF7742-AF87-4B31-B4EA-A469CDCFB27A}
	EndProjectSection
EndProject
Project("{F184B08F-C81C-45F6-A57F-5ABD9991F28F}") = "FanucPCDK", "..\FanucPCDK\FanucPCDK.vbproj", "{58AF7742-AF87-4B31-B4EA-A469CDCFB27A}"
EndProject
Project("{888888A0-9F3D-457C-B088-3A5042F75D52}") = "PythonPNN", "..\PythonNeuralNetPControl\PythonPNN.pyproj", "{7B889095-47DD-408B-AA8C-44C0B2A5E687}"
EndProject
Project("{888888A0-9F3D-457C-B088-3A5042F75D52}") = "PythonMBPO", "..\PythonMBPO\PythonMBPO.pyproj", "{5EE3898F-A0D9-43B5-B1F9-F11E5ABBEED2}"
EndProject
Global
	GlobalSection(SolutionConfigurationPlatforms) = preSolution
		Debug|Any CPU = Debug|Any CPU
		Release|Any CPU = Release|Any CPU
	EndGlobalSection
	GlobalSection(ProjectConfigurationPlatforms) = postSolution
		{79D673BA-95C3-425F-972D-5E529284E37A}.Debug|Any CPU.ActiveCfg = Debug|Any CPU
		{79D673BA-95C3-425F-972D-5E529284E37A}.Debug|Any CPU.Build.0 = Debug|Any CPU
		{79D673BA-95C3-425F-972D-5E529284E37A}.Release|Any CPU.ActiveCfg = Release|Any CPU
		{79D673BA-95C3-425F-972D-5E529284E37A}.Release|Any CPU.Build.0 = Release|Any CPU
		{58AF7742-AF87-4B31-B4EA-A469CDCFB27A}.Debug|Any CPU.ActiveCfg = Debug|Any CPU
		{58AF7742-AF87-4B31-B4EA-A469CDCFB27A}.Debug|Any CPU.Build.0 = Debug|Any CPU
		{58AF7742-AF87-4B31-B4EA-A469CDCFB27A}.Release|Any CPU.ActiveCfg = Release|Any CPU
		{58AF7742-AF87-4B31-B4EA-A469CDCFB27A}.Release|Any CPU.Build.0 = Release|Any CPU
		{7B889095-47DD-408B-AA8C-44C0B2A5E687}.Debug|Any CPU.ActiveCfg = Debug|Any CPU
		{7B889095-47DD-408B-AA8C-44C0B2A5E687}.Release|Any CPU.ActiveCfg = Release|Any CPU
		{5EE3898F-A0D9-43B5-B1F9-F11E5ABBEED2}.Debug|Any CPU.ActiveCfg = Debug|Any CPU
		{5EE3898F-A0D9-43B5-B1F9-F11E5ABBEED2}.Release|Any CPU.ActiveCfg = Release|Any CPU
	EndGlobalSection
	GlobalSection(SolutionProperties) = preSolution
		HideSolutionNode = FALSE
	EndGlobalSection
	GlobalSection(ExtensibilityGlobals) = postSolution
		SolutionGuid = {1CD0CCB2-69F9-4269-A908-FFFEF570ECCE}
	EndGlobalSection
EndGlobal
